
Microsoft Visual Studio Solution File, Format Version 12.00
Project("{FAE04EC0-301F-11D3-BF4B-00C04F79EFBC}") = "TenderRadar.Domain", "TenderRadar.Domain\TenderRadar.Domain.csproj", "{273C3A29-DB28-4550-8995-81B920451ED7}"
EndProject
Project("{FAE04EC0-301F-11D3-BF4B-00C04F79EFBC}") = "TenderRadar.Application", "TenderRadar.Application\TenderRadar.Application.csproj", "{E8B76FCA-403E-4869-A7B7-AF15E5F04385}"
EndProject
Project("{FAE04EC0-301F-11D3-BF4B-00C04F79EFBC}") = "TenderRadar.Infrastructure", "TenderRadar.Infrastructure\TenderRadar.Infrastructure.csproj", "{FE3771C9-DB98-40D8-B570-780749141358}"
EndProject
Project("{FAE04EC0-301F-11D3-BF4B-00C04F79EFBC}") = "TenderRadar.Cli", "TenderRadar.Cli\TenderRadar.Cli.csproj", "{EC56E4E2-61F7-4AEA-A3B1-7AD2A4334915}"
EndProject
Global
	GlobalSection(SolutionConfigurationPlatforms) = preSolution
		Debug|Any CPU = Debug|Any CPU
		Debug|x64 = Debug|x64
		Debug|x86 = Debug|x86
		Release|Any CPU = Release|Any CPU
		Release|x64 = Release|x64
		Release|x86 = Release|x86
	EndGlobalSection
	GlobalSection(ProjectConfigurationPlatforms) = postSolution
		{273C3A29-DB28-4550-8995-81B920451ED7}.Debug|Any CPU.ActiveCfg = Debug|Any CPU
		{273C3A29-DB28-4550-8995-81B920451ED7}.Debug|Any CPU.Build.0 = Debug|Any CPU
		{273C3A29-DB28-4550-8995-81B920451ED7}.Debug|x64.ActiveCfg = Debug|Any CPU
		{273C3A29-DB28-4550-8995-81B920451ED7}.Debug|x64.Build.0 = Debug|Any CPU
		{273C3A29-DB28-4550-8995-81B920451ED7}.Debug|x86.ActiveCfg = Debug|Any CPU
		{273C3A29-DB28-4550-8995-81B920451ED7}.Debug|x86.Build.0 = Debug|Any CPU
		{273C3A29-DB28-4550-8995-81B920451ED7}.Release|Any CPU.ActiveCfg = Release|Any CPU
		{273C3A29-DB28-4550-8995-81B920451ED7}.Release|Any CPU.Build.0 = Release|Any CPU
		{273C3A29-DB28-4550-8995-81B920451ED7}.Release|x64.ActiveCfg = Release|Any CPU
		{273C3A29-DB28-4550-8995-81B920451ED7}.Release|x64.Build.0 = Release|Any CPU
		{273C3A29-DB28-4550-8995-81B920451ED7}.Release|x86.ActiveCfg = Release|Any CPU
		{273C3A29-DB28-4550-8995-81B920451ED7}.Release|x86.Build.0 = Release|Any CPU
		{E8B76FCA-403E-4869-A7B7-AF15E5F04385}.Debug|Any CPU.ActiveCfg = Debug|Any CPU
		{E8B76FCA-403E-4869-A7B7-AF15E5F04385}.Debug|Any CPU.Build.0 = Debug|Any CPU
		{E8B76FCA-403E-4869-A7B7-AF15E5F04385}.Debug|x64.ActiveCfg = Debug|Any CPU
		{E8B76FCA-403E-4869-A7B7-AF15E5F04385}.Debug|x64.Build.0 = Debug|Any CPU
		{E8B76FCA-403E-4869-A7B7-AF15E5F04385}.Debug|x86.ActiveCfg = Debug|Any CPU
		{E8B76FCA-403E-4869-A7B7-AF15E5F04385}.Debug|x86.Build.0 = Debug|Any CPU
		{E8B76FCA-403E-4869-A7B7-AF15E5F04385}.Release|Any CPU.ActiveCfg = Release|Any CPU
		{E8B76FCA-403E-4869-A7B7-AF15E5F04385}.Release|Any CPU.Build.0 = Release|Any CPU
		{E8B76FCA-403E-4869-A7B7-AF15E5F04385}.Release|x64.ActiveCfg = Release|Any CPU
		{E8B76FCA-403E-4869-A7B7-AF15E5F04385}.Release|x64.Build.0 = Release|Any CPU
		{E8B76FCA-403E-4869-A7B7-AF15E5F04385}.Release|x86.ActiveCfg = Release|Any CPU
		{E8B76FCA-403E-4869-A7B7-AF15E5F04385}.Release|x86.Build.0 = Release|Any CPU
		{FE3771C9-DB98-40D8-B570-780749141358}.Debug|Any CPU.ActiveCfg = Debug|Any CPU
		{FE3771C9-DB98-40D8-B570-780749141358}.Debug|Any CPU.Build.0 = Debug|Any CPU
		{FE3771C9-DB98-40D8-B570-780749141358}.Debug|x64.ActiveCfg = Debug|Any CPU
		{FE3771C9-DB98-40D8-B570-780749141358}.Debug|x64.Build.0 = Debug|Any CPU
		{FE3771C9-DB98-40D8-B570-780749141358}.Debug|x86.ActiveCfg = Debug|Any CPU
		{FE3771C9-DB98-40D8-B570-780749141358}.Debug|x86.Build.0 = Debug|Any CPU
		{FE3771C9-DB98-40D8-B570-780749141358}.Release|Any CPU.ActiveCfg = Release|Any CPU
		{FE3771C9-DB98-40D8-B570-780749141358}.Release|Any CPU.Build.0 = Release|Any CPU
		{FE3771C9-DB98-40D8-B570-780749141358}.Release|x64.ActiveCfg = Release|Any CPU
		{FE3771C9-DB98-40D8-B570-780749141358}.Release|x64.Build.0 = Release|Any CPU
		{FE3771C9-DB98-40D8-B570-780749141358}.Release|x86.ActiveCfg = Release|Any CPU
		{FE3771C9-DB98-40D8-B570-780749141358}.Release|x86.Build.0 = Release|Any CPU
		{EC56E4E2-61F7-4AEA-A3B1-7AD2A4334915}.Debug|Any CPU.ActiveCfg = Debug|Any CPU
		{EC56E4E2-61F7-4AEA-A3B1-7AD2A4334915}.Debug|Any CPU.Build.0 = Debug|Any CPU
		{EC56E4E2-61F7-4AEA-A3B1-7AD2A4334915}.Debug|x64.ActiveCfg = Debug|Any CPU
		{EC56E4E2-61F7-4AEA-A3B1-7AD2A4334915}.Debug|x64.Build.0 = Debug|Any CPU
		{EC56E4E2-61F7-4AEA-A3B1-7AD2A4334915}.Debug|x86.ActiveCfg = Debug|Any CPU
		{EC56E4E2-61F7-4AEA-A3B1-7AD2A4334915}.Debug|x86.Build.0 = Debug|Any CPU
		{EC56E4E2-61F7-4AEA-A3B1-7AD2A4334915}.Release|Any CPU.ActiveCfg = Release|Any CPU
		{EC56E4E2-61F7-4AEA-A3B1-7AD2A4334915}.Release|Any CPU.Build.0 = Release|Any CPU
		{EC56E4E2-61F7-4AEA-A3B1-7AD2A4334915}.Release|x64.ActiveCfg = Release|Any CPU
		{EC56E4E2-61F7-4AEA-A3B1-7AD2A4334915}.Release|x64.Build.0 = Release|Any CPU
		{EC56E4E2-61F7-4AEA-A3B1-7AD2A4334915}.Release|x86.ActiveCfg = Release|Any CPU
		{EC56E4E2-61F7-4AEA-A3B1-7AD2A4334915}.Release|x86.Build.0 = Release|Any CPU
	EndGlobalSection
	GlobalSection(SolutionProperties) = preSolution
		HideSolutionNode = FALSE
	EndGlobalSection
EndGlobal
